
Microsoft Visual Studio Solution File, Format Version 12.00
# Visual Studio 2013
VisualStudioVersion = 12.0.31101.0
MinimumVisualStudioVersion = 10.0.40219.1
Project("{FAE04EC0-301F-11D3-BF4B-00C04F79EFBC}") = "ShipTest.AspNet.Sc80rev140922", "ShipTest.AspNet.Sc80rev140922\ShipTest.AspNet.Sc80rev140922.csproj", "{FE042455-AD19-488A-9886-E3706813A895}"
EndProject
Project("{2150E333-8FDC-42A3-9474-1A3956D46DE8}") = "AspNet", "AspNet", "{41464A57-4FE7-4FB3-8AFB-2D4B5331A063}"
EndProject
Project("{FAE04EC0-301F-11D3-BF4B-00C04F79EFBC}") = "ShipTest.AspNet.Sc80rev141212", "ShipTest.AspNet.Sc80rev141212\ShipTest.AspNet.Sc80rev141212.csproj", "{F0445CF5-EE89-4D99-B86F-2ED6CD296162}"
EndProject
Project("{FAE04EC0-301F-11D3-BF4B-00C04F79EFBC}") = "ShipTest.AspNet.Sc80rev150223", "ShipTest.AspNet.Sc80rev150223\ShipTest.AspNet.Sc80rev150223.csproj", "{0D3CDDF6-AFAF-4BF5-B5AE-4A122AB4A8FF}"
EndProject
Project("{FAE04EC0-301F-11D3-BF4B-00C04F79EFBC}") = "ShipTest.AspNet.Sc80rev150427", "ShipTest.AspNet.Sc80rev150427\ShipTest.AspNet.Sc80rev150427.csproj", "{468711CD-8A72-4E9E-8002-947A808AE284}"
EndProject
Project("{FAE04EC0-301F-11D3-BF4B-00C04F79EFBC}") = "ShipTest.AspNet.Sc80rev150621", "ShipTest.AspNet.Sc80rev150621\ShipTest.AspNet.Sc80rev150621.csproj", "{FF93E8ED-5282-4EB4-9A5D-62854B648A29}"
EndProject
Project("{FAE04EC0-301F-11D3-BF4B-00C04F79EFBC}") = "ShipTest.AspNet.Sc75rev150212", "ShipTest.AspNet.Sc75rev150212\ShipTest.AspNet.Sc75rev150212.csproj", "{8C2D0FE6-631B-4856-B0DE-313A2F7E58E4}"
EndProject
Project("{2150E333-8FDC-42A3-9474-1A3956D46DE8}") = ".nuget", ".nuget", "{8639F6E2-201A-45A7-98E2-FF4364B4373B}"
	ProjectSection(SolutionItems) = preProject
		.nuget\NuGet.Config = .nuget\NuGet.Config
		.nuget\NuGet.exe = .nuget\NuGet.exe
		.nuget\NuGet.targets = .nuget\NuGet.targets
	EndProjectSection
EndProject
Project("{FAE04EC0-301F-11D3-BF4B-00C04F79EFBC}") = "ShipTest.AspNet.Sc80rev150812", "ShipTest.AspNet.Sc80rev150812\ShipTest.AspNet.Sc80rev150812.csproj", "{CD7690AB-EEFD-4948-93E7-10B268BA98A9}"
EndProject
Global
	GlobalSection(SolutionConfigurationPlatforms) = preSolution
		Debug|Any CPU = Debug|Any CPU
		Release|Any CPU = Release|Any CPU
		Sc75rev150212|Any CPU = Sc75rev150212|Any CPU
		Sc80rev140922|Any CPU = Sc80rev140922|Any CPU
		Sc80rev141212|Any CPU = Sc80rev141212|Any CPU
		Sc80rev150223|Any CPU = Sc80rev150223|Any CPU
		Sc80rev150427|Any CPU = Sc80rev150427|Any CPU
		Sc80rev150621|Any CPU = Sc80rev150621|Any CPU
		Sc80rev150812|Any CPU = Sc80rev150812|Any CPU
	EndGlobalSection
	GlobalSection(ProjectConfigurationPlatforms) = postSolution
		{FE042455-AD19-488A-9886-E3706813A895}.Debug|Any CPU.ActiveCfg = Debug|Any CPU
		{FE042455-AD19-488A-9886-E3706813A895}.Debug|Any CPU.Build.0 = Debug|Any CPU
		{FE042455-AD19-488A-9886-E3706813A895}.Release|Any CPU.ActiveCfg = Release|Any CPU
		{FE042455-AD19-488A-9886-E3706813A895}.Release|Any CPU.Build.0 = Release|Any CPU
		{FE042455-AD19-488A-9886-E3706813A895}.Sc75rev150212|Any CPU.ActiveCfg = Debug|Any CPU
		{FE042455-AD19-488A-9886-E3706813A895}.Sc80rev140922|Any CPU.ActiveCfg = Debug|Any CPU
		{FE042455-AD19-488A-9886-E3706813A895}.Sc80rev140922|Any CPU.Build.0 = Debug|Any CPU
		{FE042455-AD19-488A-9886-E3706813A895}.Sc80rev141212|Any CPU.ActiveCfg = Debug|Any CPU
		{FE042455-AD19-488A-9886-E3706813A895}.Sc80rev150223|Any CPU.ActiveCfg = Debug|Any CPU
		{FE042455-AD19-488A-9886-E3706813A895}.Sc80rev150427|Any CPU.ActiveCfg = Debug|Any CPU
		{FE042455-AD19-488A-9886-E3706813A895}.Sc80rev150621|Any CPU.ActiveCfg = Debug|Any CPU
		{FE042455-AD19-488A-9886-E3706813A895}.Sc80rev150812|Any CPU.ActiveCfg = Debug|Any CPU
		{F0445CF5-EE89-4D99-B86F-2ED6CD296162}.Debug|Any CPU.ActiveCfg = Debug|Any CPU
		{F0445CF5-EE89-4D99-B86F-2ED6CD296162}.Debug|Any CPU.Build.0 = Debug|Any CPU
		{F0445CF5-EE89-4D99-B86F-2ED6CD296162}.Release|Any CPU.ActiveCfg = Release|Any CPU
		{F0445CF5-EE89-4D99-B86F-2ED6CD296162}.Release|Any CPU.Build.0 = Release|Any CPU
		{F0445CF5-EE89-4D99-B86F-2ED6CD296162}.Sc75rev150212|Any CPU.ActiveCfg = Debug|Any CPU
		{F0445CF5-EE89-4D99-B86F-2ED6CD296162}.Sc80rev140922|Any CPU.ActiveCfg = Debug|Any CPU
		{F0445CF5-EE89-4D99-B86F-2ED6CD296162}.Sc80rev141212|Any CPU.ActiveCfg = Debug|Any CPU
		{F0445CF5-EE89-4D99-B86F-2ED6CD296162}.Sc80rev141212|Any CPU.Build.0 = Debug|Any CPU
		{F0445CF5-EE89-4D99-B86F-2ED6CD296162}.Sc80rev150223|Any CPU.ActiveCfg = Debug|Any CPU
		{F0445CF5-EE89-4D99-B86F-2ED6CD296162}.Sc80rev150427|Any CPU.ActiveCfg = Debug|Any CPU
		{F0445CF5-EE89-4D99-B86F-2ED6CD296162}.Sc80rev150621|Any CPU.ActiveCfg = Debug|Any CPU
		{F0445CF5-EE89-4D99-B86F-2ED6CD296162}.Sc80rev150812|Any CPU.ActiveCfg = Debug|Any CPU
		{0D3CDDF6-AFAF-4BF5-B5AE-4A122AB4A8FF}.Debug|Any CPU.ActiveCfg = Debug|Any CPU
		{0D3CDDF6-AFAF-4BF5-B5AE-4A122AB4A8FF}.Debug|Any CPU.Build.0 = Debug|Any CPU
		{0D3CDDF6-AFAF-4BF5-B5AE-4A122AB4A8FF}.Release|Any CPU.ActiveCfg = Release|Any CPU
		{0D3CDDF6-AFAF-4BF5-B5AE-4A122AB4A8FF}.Release|Any CPU.Build.0 = Release|Any CPU
		{0D3CDDF6-AFAF-4BF5-B5AE-4A122AB4A8FF}.Sc75rev150212|Any CPU.ActiveCfg = Debug|Any CPU
		{0D3CDDF6-AFAF-4BF5-B5AE-4A122AB4A8FF}.Sc80rev140922|Any CPU.ActiveCfg = Debug|Any CPU
		{0D3CDDF6-AFAF-4BF5-B5AE-4A122AB4A8FF}.Sc80rev141212|Any CPU.ActiveCfg = Debug|Any CPU
		{0D3CDDF6-AFAF-4BF5-B5AE-4A122AB4A8FF}.Sc80rev150223|Any CPU.ActiveCfg = Debug|Any CPU
		{0D3CDDF6-AFAF-4BF5-B5AE-4A122AB4A8FF}.Sc80rev150223|Any CPU.Build.0 = Debug|Any CPU
		{0D3CDDF6-AFAF-4BF5-B5AE-4A122AB4A8FF}.Sc80rev150427|Any CPU.ActiveCfg = Debug|Any CPU
		{0D3CDDF6-AFAF-4BF5-B5AE-4A122AB4A8FF}.Sc80rev150621|Any CPU.ActiveCfg = Debug|Any CPU
		{0D3CDDF6-AFAF-4BF5-B5AE-4A122AB4A8FF}.Sc80rev150812|Any CPU.ActiveCfg = Debug|Any CPU
		{468711CD-8A72-4E9E-8002-947A808AE284}.Debug|Any CPU.ActiveCfg = Debug|Any CPU
		{468711CD-8A72-4E9E-8002-947A808AE284}.Debug|Any CPU.Build.0 = Debug|Any CPU
		{468711CD-8A72-4E9E-8002-947A808AE284}.Release|Any CPU.ActiveCfg = Release|Any CPU
		{468711CD-8A72-4E9E-8002-947A808AE284}.Release|Any CPU.Build.0 = Release|Any CPU
		{468711CD-8A72-4E9E-8002-947A808AE284}.Sc75rev150212|Any CPU.ActiveCfg = Debug|Any CPU
		{468711CD-8A72-4E9E-8002-947A808AE284}.Sc80rev140922|Any CPU.ActiveCfg = Debug|Any CPU
		{468711CD-8A72-4E9E-8002-947A808AE284}.Sc80rev141212|Any CPU.ActiveCfg = Debug|Any CPU
		{468711CD-8A72-4E9E-8002-947A808AE284}.Sc80rev150223|Any CPU.ActiveCfg = Debug|Any CPU
		{468711CD-8A72-4E9E-8002-947A808AE284}.Sc80rev150427|Any CPU.ActiveCfg = Debug|Any CPU
		{468711CD-8A72-4E9E-8002-947A808AE284}.Sc80rev150427|Any CPU.Build.0 = Debug|Any CPU
		{468711CD-8A72-4E9E-8002-947A808AE284}.Sc80rev150621|Any CPU.ActiveCfg = Debug|Any CPU
		{468711CD-8A72-4E9E-8002-947A808AE284}.Sc80rev150812|Any CPU.ActiveCfg = Debug|Any CPU
		{FF93E8ED-5282-4EB4-9A5D-62854B648A29}.Debug|Any CPU.ActiveCfg = Debug|Any CPU
		{FF93E8ED-5282-4EB4-9A5D-62854B648A29}.Debug|Any CPU.Build.0 = Debug|Any CPU
		{FF93E8ED-5282-4EB4-9A5D-62854B648A29}.Release|Any CPU.ActiveCfg = Release|Any CPU
		{FF93E8ED-5282-4EB4-9A5D-62854B648A29}.Release|Any CPU.Build.0 = Release|Any CPU
		{FF93E8ED-5282-4EB4-9A5D-62854B648A29}.Sc75rev150212|Any CPU.ActiveCfg = Debug|Any CPU
		{FF93E8ED-5282-4EB4-9A5D-62854B648A29}.Sc80rev140922|Any CPU.ActiveCfg = Debug|Any CPU
		{FF93E8ED-5282-4EB4-9A5D-62854B648A29}.Sc80rev141212|Any CPU.ActiveCfg = Debug|Any CPU
		{FF93E8ED-5282-4EB4-9A5D-62854B648A29}.Sc80rev150223|Any CPU.ActiveCfg = Debug|Any CPU
		{FF93E8ED-5282-4EB4-9A5D-62854B648A29}.Sc80rev150427|Any CPU.ActiveCfg = Debug|Any CPU
		{FF93E8ED-5282-4EB4-9A5D-62854B648A29}.Sc80rev150621|Any CPU.ActiveCfg = Debug|Any CPU
		{FF93E8ED-5282-4EB4-9A5D-62854B648A29}.Sc80rev150621|Any CPU.Build.0 = Debug|Any CPU
		{FF93E8ED-5282-4EB4-9A5D-62854B648A29}.Sc80rev150812|Any CPU.ActiveCfg = Debug|Any CPU
		{8C2D0FE6-631B-4856-B0DE-313A2F7E58E4}.Debug|Any CPU.ActiveCfg = Debug|Any CPU
		{8C2D0FE6-631B-4856-B0DE-313A2F7E58E4}.Debug|Any CPU.Build.0 = Debug|Any CPU
		{8C2D0FE6-631B-4856-B0DE-313A2F7E58E4}.Release|Any CPU.ActiveCfg = Release|Any CPU
		{8C2D0FE6-631B-4856-B0DE-313A2F7E58E4}.Release|Any CPU.Build.0 = Release|Any CPU
		{8C2D0FE6-631B-4856-B0DE-313A2F7E58E4}.Sc75rev150212|Any CPU.ActiveCfg = Debug|Any CPU
		{8C2D0FE6-631B-4856-B0DE-313A2F7E58E4}.Sc75rev150212|Any CPU.Build.0 = Debug|Any CPU
		{8C2D0FE6-631B-4856-B0DE-313A2F7E58E4}.Sc80rev140922|Any CPU.ActiveCfg = Debug|Any CPU
		{8C2D0FE6-631B-4856-B0DE-313A2F7E58E4}.Sc80rev141212|Any CPU.ActiveCfg = Debug|Any CPU
		{8C2D0FE6-631B-4856-B0DE-313A2F7E58E4}.Sc80rev150223|Any CPU.ActiveCfg = Debug|Any CPU
		{8C2D0FE6-631B-4856-B0DE-313A2F7E58E4}.Sc80rev150427|Any CPU.ActiveCfg = Debug|Any CPU
		{8C2D0FE6-631B-4856-B0DE-313A2F7E58E4}.Sc80rev150621|Any CPU.ActiveCfg = Debug|Any CPU
		{8C2D0FE6-631B-4856-B0DE-313A2F7E58E4}.Sc80rev150812|Any CPU.ActiveCfg = Debug|Any CPU
		{CD7690AB-EEFD-4948-93E7-10B268BA98A9}.Debug|Any CPU.ActiveCfg = Debug|Any CPU
		{CD7690AB-EEFD-4948-93E7-10B268BA98A9}.Debug|Any CPU.Build.0 = Debug|Any CPU
		{CD7690AB-EEFD-4948-93E7-10B268BA98A9}.Release|Any CPU.ActiveCfg = Release|Any CPU
		{CD7690AB-EEFD-4948-93E7-10B268BA98A9}.Release|Any CPU.Build.0 = Release|Any CPU
		{CD7690AB-EEFD-4948-93E7-10B268BA98A9}.Sc75rev150212|Any CPU.ActiveCfg = Debug|Any CPU
		{CD7690AB-EEFD-4948-93E7-10B268BA98A9}.Sc80rev140922|Any CPU.ActiveCfg = Debug|Any CPU
		{CD7690AB-EEFD-4948-93E7-10B268BA98A9}.Sc80rev141212|Any CPU.ActiveCfg = Debug|Any CPU
		{CD7690AB-EEFD-4948-93E7-10B268BA98A9}.Sc80rev150223|Any CPU.ActiveCfg = Debug|Any CPU
		{CD7690AB-EEFD-4948-93E7-10B268BA98A9}.Sc80rev150427|Any CPU.ActiveCfg = Debug|Any CPU
		{CD7690AB-EEFD-4948-93E7-10B268BA98A9}.Sc80rev150621|Any CPU.ActiveCfg = Debug|Any CPU
		{CD7690AB-EEFD-4948-93E7-10B268BA98A9}.Sc80rev150812|Any CPU.ActiveCfg = Debug|Any CPU
		{CD7690AB-EEFD-4948-93E7-10B268BA98A9}.Sc80rev150812|Any CPU.Build.0 = Debug|Any CPU
	EndGlobalSection
	GlobalSection(SolutionProperties) = preSolution
		HideSolutionNode = FALSE
	EndGlobalSection
	GlobalSection(NestedProjects) = preSolution
		{FE042455-AD19-488A-9886-E3706813A895} = {41464A57-4FE7-4FB3-8AFB-2D4B5331A063}
		{F0445CF5-EE89-4D99-B86F-2ED6CD296162} = {41464A57-4FE7-4FB3-8AFB-2D4B5331A063}
		{0D3CDDF6-AFAF-4BF5-B5AE-4A122AB4A8FF} = {41464A57-4FE7-4FB3-8AFB-2D4B5331A063}
		{468711CD-8A72-4E9E-8002-947A808AE284} = {41464A57-4FE7-4FB3-8AFB-2D4B5331A063}
		{FF93E8ED-5282-4EB4-9A5D-62854B648A29} = {41464A57-4FE7-4FB3-8AFB-2D4B5331A063}
		{8C2D0FE6-631B-4856-B0DE-313A2F7E58E4} = {41464A57-4FE7-4FB3-8AFB-2D4B5331A063}
		{CD7690AB-EEFD-4948-93E7-10B268BA98A9} = {41464A57-4FE7-4FB3-8AFB-2D4B5331A063}
	EndGlobalSection
EndGlobal
